// !$*UTF8*$!
{
	archiveVersion = 1;
	classes = {
	};
	objectVersion = 56;
	objects = {

/* Begin PBXBuildFile section */
		87CBCD572B957E6600861797 /* Design_correctionApp.swift in Sources */ = {isa = PBXBuildFile; fileRef = 87CBCD562B957E6600861797 /* Design_correctionApp.swift */; };
		87CBCD592B957E6600861797 /* ContentView.swift in Sources */ = {isa = PBXBuildFile; fileRef = 87CBCD582B957E6600861797 /* ContentView.swift */; };
		87CBCD5B2B957E6600861797 /* Item.swift in Sources */ = {isa = PBXBuildFile; fileRef = 87CBCD5A2B957E6600861797 /* Item.swift */; };
		87CBCD5D2B957E6900861797 /* Assets.xcassets in Resources */ = {isa = PBXBuildFile; fileRef = 87CBCD5C2B957E6900861797 /* Assets.xcassets */; };
		87CBCD602B957E6900861797 /* Preview Assets.xcassets in Resources */ = {isa = PBXBuildFile; fileRef = 87CBCD5F2B957E6900861797 /* Preview Assets.xcassets */; };
		87CBCD6A2B957E6900861797 /* Design_correctionTests.swift in Sources */ = {isa = PBXBuildFile; fileRef = 87CBCD692B957E6900861797 /* Design_correctionTests.swift */; };
		87CBCD742B957E6900861797 /* Design_correctionUITests.swift in Sources */ = {isa = PBXBuildFile; fileRef = 87CBCD732B957E6900861797 /* Design_correctionUITests.swift */; };
		87CBCD762B957E6900861797 /* Design_correctionUITestsLaunchTests.swift in Sources */ = {isa = PBXBuildFile; fileRef = 87CBCD752B957E6900861797 /* Design_correctionUITestsLaunchTests.swift */; };
		87CBCD832B9C63EC00861797 /* Home.swift in Sources */ = {isa = PBXBuildFile; fileRef = 87CBCD822B9C63EC00861797 /* Home.swift */; };
		87CBCD862B9C646D00861797 /* Help.swift in Sources */ = {isa = PBXBuildFile; fileRef = 87CBCD852B9C646D00861797 /* Help.swift */; };
		87CBCD882B9C648400861797 /* History.swift in Sources */ = {isa = PBXBuildFile; fileRef = 87CBCD872B9C648400861797 /* History.swift */; };
/* End PBXBuildFile section */

/* Begin PBXContainerItemProxy section */
		87CBCD662B957E6900861797 /* PBXContainerItemProxy */ = {
			isa = PBXContainerItemProxy;
			containerPortal = 87CBCD4B2B957E6600861797 /* Project object */;
			proxyType = 1;
			remoteGlobalIDString = 87CBCD522B957E6600861797;
			remoteInfo = "Design correction";
		};
		87CBCD702B957E6900861797 /* PBXContainerItemProxy */ = {
			isa = PBXContainerItemProxy;
			containerPortal = 87CBCD4B2B957E6600861797 /* Project object */;
			proxyType = 1;
			remoteGlobalIDString = 87CBCD522B957E6600861797;
			remoteInfo = "Design correction";
		};
/* End PBXContainerItemProxy section */

/* Begin PBXFileReference section */
		87CBCD532B957E6600861797 /* Design correction.app */ = {isa = PBXFileReference; explicitFileType = wrapper.application; includeInIndex = 0; path = "Design correction.app"; sourceTree = BUILT_PRODUCTS_DIR; };
		87CBCD562B957E6600861797 /* Design_correctionApp.swift */ = {isa = PBXFileReference; lastKnownFileType = sourcecode.swift; path = Design_correctionApp.swift; sourceTree = "<group>"; };
		87CBCD582B957E6600861797 /* ContentView.swift */ = {isa = PBXFileReference; lastKnownFileType = sourcecode.swift; path = ContentView.swift; sourceTree = "<group>"; };
		87CBCD5A2B957E6600861797 /* Item.swift */ = {isa = PBXFileReference; lastKnownFileType = sourcecode.swift; path = Item.swift; sourceTree = "<group>"; };
		87CBCD5C2B957E6900861797 /* Assets.xcassets */ = {isa = PBXFileReference; lastKnownFileType = folder.assetcatalog; path = Assets.xcassets; sourceTree = "<group>"; };
		87CBCD5F2B957E6900861797 /* Preview Assets.xcassets */ = {isa = PBXFileReference; lastKnownFileType = folder.assetcatalog; path = "Preview Assets.xcassets"; sourceTree = "<group>"; };
		87CBCD652B957E6900861797 /* Design correctionTests.xctest */ = {isa = PBXFileReference; explicitFileType = wrapper.cfbundle; includeInIndex = 0; path = "Design correctionTests.xctest"; sourceTree = BUILT_PRODUCTS_DIR; };
		87CBCD692B957E6900861797 /* Design_correctionTests.swift */ = {isa = PBXFileReference; lastKnownFileType = sourcecode.swift; path = Design_correctionTests.swift; sourceTree = "<group>"; };
		87CBCD6F2B957E6900861797 /* Design correctionUITests.xctest */ = {isa = PBXFileReference; explicitFileType = wrapper.cfbundle; includeInIndex = 0; path = "Design correctionUITests.xctest"; sourceTree = BUILT_PRODUCTS_DIR; };
		87CBCD732B957E6900861797 /* Design_correctionUITests.swift */ = {isa = PBXFileReference; lastKnownFileType = sourcecode.swift; path = Design_correctionUITests.swift; sourceTree = "<group>"; };
		87CBCD752B957E6900861797 /* Design_correctionUITestsLaunchTests.swift */ = {isa = PBXFileReference; lastKnownFileType = sourcecode.swift; path = Design_correctionUITestsLaunchTests.swift; sourceTree = "<group>"; };
		87CBCD822B9C63EC00861797 /* Home.swift */ = {isa = PBXFileReference; lastKnownFileType = sourcecode.swift; path = Home.swift; sourceTree = "<group>"; };
		87CBCD852B9C646D00861797 /* Help.swift */ = {isa = PBXFileReference; lastKnownFileType = sourcecode.swift; path = Help.swift; sourceTree = "<group>"; };
		87CBCD872B9C648400861797 /* History.swift */ = {isa = PBXFileReference; lastKnownFileType = sourcecode.swift; path = History.swift; sourceTree = "<group>"; };
/* End PBXFileReference section */

/* Begin PBXFrameworksBuildPhase section */
		87CBCD502B957E6600861797 /* Frameworks */ = {
			isa = PBXFrameworksBuildPhase;
			buildActionMask = 2147483647;
			files = (
			);
			runOnlyForDeploymentPostprocessing = 0;
		};
		87CBCD622B957E6900861797 /* Frameworks */ = {
			isa = PBXFrameworksBuildPhase;
			buildActionMask = 2147483647;
			files = (
			);
			runOnlyForDeploymentPostprocessing = 0;
		};
		87CBCD6C2B957E6900861797 /* Frameworks */ = {
			isa = PBXFrameworksBuildPhase;
			buildActionMask = 2147483647;
			files = (
			);
			runOnlyForDeploymentPostprocessing = 0;
		};
/* End PBXFrameworksBuildPhase section */

/* Begin PBXGroup section */
		87CBCD4A2B957E6600861797 = {
			isa = PBXGroup;
			children = (
				87CBCD552B957E6600861797 /* Design correction */,
				87CBCD682B957E6900861797 /* Design correctionTests */,
				87CBCD722B957E6900861797 /* Design correctionUITests */,
				87CBCD542B957E6600861797 /* Products */,
			);
			sourceTree = "<group>";
		};
		87CBCD542B957E6600861797 /* Products */ = {
			isa = PBXGroup;
			children = (
				87CBCD532B957E6600861797 /* Design correction.app */,
				87CBCD652B957E6900861797 /* Design correctionTests.xctest */,
				87CBCD6F2B957E6900861797 /* Design correctionUITests.xctest */,
			);
			name = Products;
			sourceTree = "<group>";
		};
		87CBCD552B957E6600861797 /* Design correction */ = {
			isa = PBXGroup;
			children = (
				87CBCD842B9C643D00861797 /* Pages */,
				87CBCD562B957E6600861797 /* Design_correctionApp.swift */,
				87CBCD582B957E6600861797 /* ContentView.swift */,
				87CBCD5A2B957E6600861797 /* Item.swift */,
				87CBCD5C2B957E6900861797 /* Assets.xcassets */,
				87CBCD5E2B957E6900861797 /* Preview Content */,
			);
			path = "Design correction";
			sourceTree = "<group>";
		};
		87CBCD5E2B957E6900861797 /* Preview Content */ = {
			isa = PBXGroup;
			children = (
				87CBCD5F2B957E6900861797 /* Preview Assets.xcassets */,
			);
			path = "Preview Content";
			sourceTree = "<group>";
		};
		87CBCD682B957E6900861797 /* Design correctionTests */ = {
			isa = PBXGroup;
			children = (
				87CBCD692B957E6900861797 /* Design_correctionTests.swift */,
			);
			path = "Design correctionTests";
			sourceTree = "<group>";
		};
		87CBCD722B957E6900861797 /* Design correctionUITests */ = {
			isa = PBXGroup;
			children = (
				87CBCD732B957E6900861797 /* Design_correctionUITests.swift */,
				87CBCD752B957E6900861797 /* Design_correctionUITestsLaunchTests.swift */,
			);
			path = "Design correctionUITests";
			sourceTree = "<group>";
		};
		87CBCD842B9C643D00861797 /* Pages */ = {
			isa = PBXGroup;
			children = (
				87CBCD822B9C63EC00861797 /* Home.swift */,
				87CBCD872B9C648400861797 /* History.swift */,
				87CBCD852B9C646D00861797 /* Help.swift */,
			);
			name = Pages;
			sourceTree = "<group>";
		};
/* End PBXGroup section */

/* Begin PBXNativeTarget section */
		87CBCD522B957E6600861797 /* Design correction */ = {
			isa = PBXNativeTarget;
			buildConfigurationList = 87CBCD792B957E6900861797 /* Build configuration list for PBXNativeTarget "Design correction" */;
			buildPhases = (
				87CBCD4F2B957E6600861797 /* Sources */,
				87CBCD502B957E6600861797 /* Frameworks */,
				87CBCD512B957E6600861797 /* Resources */,
			);
			buildRules = (
			);
			dependencies = (
			);
			name = "Design correction";
			productName = "Design correction";
			productReference = 87CBCD532B957E6600861797 /* Design correction.app */;
			productType = "com.apple.product-type.application";
		};
		87CBCD642B957E6900861797 /* Design correctionTests */ = {
			isa = PBXNativeTarget;
			buildConfigurationList = 87CBCD7C2B957E6900861797 /* Build configuration list for PBXNativeTarget "Design correctionTests" */;
			buildPhases = (
				87CBCD612B957E6900861797 /* Sources */,
				87CBCD622B957E6900861797 /* Frameworks */,
				87CBCD632B957E6900861797 /* Resources */,
			);
			buildRules = (
			);
			dependencies = (
				87CBCD672B957E6900861797 /* PBXTargetDependency */,
			);
			name = "Design correctionTests";
			productName = "Design correctionTests";
			productReference = 87CBCD652B957E6900861797 /* Design correctionTests.xctest */;
			productType = "com.apple.product-type.bundle.unit-test";
		};
		87CBCD6E2B957E6900861797 /* Design correctionUITests */ = {
			isa = PBXNativeTarget;
			buildConfigurationList = 87CBCD7F2B957E6900861797 /* Build configuration list for PBXNativeTarget "Design correctionUITests" */;
			buildPhases = (
				87CBCD6B2B957E6900861797 /* Sources */,
				87CBCD6C2B957E6900861797 /* Frameworks */,
				87CBCD6D2B957E6900861797 /* Resources */,
			);
			buildRules = (
			);
			dependencies = (
				87CBCD712B957E6900861797 /* PBXTargetDependency */,
			);
			name = "Design correctionUITests";
			productName = "Design correctionUITests";
			productReference = 87CBCD6F2B957E6900861797 /* Design correctionUITests.xctest */;
			productType = "com.apple.product-type.bundle.ui-testing";
		};
/* End PBXNativeTarget section */

/* Begin PBXProject section */
		87CBCD4B2B957E6600861797 /* Project object */ = {
			isa = PBXProject;
			attributes = {
				BuildIndependentTargetsInParallel = 1;
				LastSwiftUpdateCheck = 1520;
				LastUpgradeCheck = 1520;
				TargetAttributes = {
					87CBCD522B957E6600861797 = {
						CreatedOnToolsVersion = 15.2;
					};
					87CBCD642B957E6900861797 = {
						CreatedOnToolsVersion = 15.2;
						TestTargetID = 87CBCD522B957E6600861797;
					};
					87CBCD6E2B957E6900861797 = {
						CreatedOnToolsVersion = 15.2;
						TestTargetID = 87CBCD522B957E6600861797;
					};
				};
			};
			buildConfigurationList = 87CBCD4E2B957E6600861797 /* Build configuration list for PBXProject "Design correction" */;
			compatibilityVersion = "Xcode 14.0";
			developmentRegion = en;
			hasScannedForEncodings = 0;
			knownRegions = (
				en,
				Base,
			);
			mainGroup = 87CBCD4A2B957E6600861797;
			productRefGroup = 87CBCD542B957E6600861797 /* Products */;
			projectDirPath = "";
			projectRoot = "";
			targets = (
				87CBCD522B957E6600861797 /* Design correction */,
				87CBCD642B957E6900861797 /* Design correctionTests */,
				87CBCD6E2B957E6900861797 /* Design correctionUITests */,
			);
		};
/* End PBXProject section */

/* Begin PBXResourcesBuildPhase section */
		87CBCD512B957E6600861797 /* Resources */ = {
			isa = PBXResourcesBuildPhase;
			buildActionMask = 2147483647;
			files = (
				87CBCD602B957E6900861797 /* Preview Assets.xcassets in Resources */,
				87CBCD5D2B957E6900861797 /* Assets.xcassets in Resources */,
			);
			runOnlyForDeploymentPostprocessing = 0;
		};
		87CBCD632B957E6900861797 /* Resources */ = {
			isa = PBXResourcesBuildPhase;
			buildActionMask = 2147483647;
			files = (
			);
			runOnlyForDeploymentPostprocessing = 0;
		};
		87CBCD6D2B957E6900861797 /* Resources */ = {
			isa = PBXResourcesBuildPhase;
			buildActionMask = 2147483647;
			files = (
			);
			runOnlyForDeploymentPostprocessing = 0;
		};
/* End PBXResourcesBuildPhase section */

/* Begin PBXSourcesBuildPhase section */
		87CBCD4F2B957E6600861797 /* Sources */ = {
			isa = PBXSourcesBuildPhase;
			buildActionMask = 2147483647;
			files = (
				87CBCD882B9C648400861797 /* History.swift in Sources */,
				87CBCD862B9C646D00861797 /* Help.swift in Sources */,
				87CBCD592B957E6600861797 /* ContentView.swift in Sources */,
				87CBCD5B2B957E6600861797 /* Item.swift in Sources */,
				87CBCD832B9C63EC00861797 /* Home.swift in Sources */,
				87CBCD572B957E6600861797 /* Design_correctionApp.swift in Sources */,
			);
			runOnlyForDeploymentPostprocessing = 0;
		};
		87CBCD612B957E6900861797 /* Sources */ = {
			isa = PBXSourcesBuildPhase;
			buildActionMask = 2147483647;
			files = (
				87CBCD6A2B957E6900861797 /* Design_correctionTests.swift in Sources */,
			);
			runOnlyForDeploymentPostprocessing = 0;
		};
		87CBCD6B2B957E6900861797 /* Sources */ = {
			isa = PBXSourcesBuildPhase;
			buildActionMask = 2147483647;
			files = (
				87CBCD762B957E6900861797 /* Design_correctionUITestsLaunchTests.swift in Sources */,
				87CBCD742B957E6900861797 /* Design_correctionUITests.swift in Sources */,
			);
			runOnlyForDeploymentPostprocessing = 0;
		};
/* End PBXSourcesBuildPhase section */

/* Begin PBXTargetDependency section */
		87CBCD672B957E6900861797 /* PBXTargetDependency */ = {
			isa = PBXTargetDependency;
			target = 87CBCD522B957E6600861797 /* Design correction */;
			targetProxy = 87CBCD662B957E6900861797 /* PBXContainerItemProxy */;
		};
		87CBCD712B957E6900861797 /* PBXTargetDependency */ = {
			isa = PBXTargetDependency;
			target = 87CBCD522B957E6600861797 /* Design correction */;
			targetProxy = 87CBCD702B957E6900861797 /* PBXContainerItemProxy */;
		};
/* End PBXTargetDependency section */

/* Begin XCBuildConfiguration section */
		87CBCD772B957E6900861797 /* Debug */ = {
			isa = XCBuildConfiguration;
			buildSettings = {
				ALWAYS_SEARCH_USER_PATHS = NO;
				ASSETCATALOG_COMPILER_GENERATE_SWIFT_ASSET_SYMBOL_EXTENSIONS = YES;
				CLANG_ANALYZER_NONNULL = YES;
				CLANG_ANALYZER_NUMBER_OBJECT_CONVERSION = YES_AGGRESSIVE;
				CLANG_CXX_LANGUAGE_STANDARD = "gnu++20";
				CLANG_ENABLE_MODULES = YES;
				CLANG_ENABLE_OBJC_ARC = YES;
				CLANG_ENABLE_OBJC_WEAK = YES;
				CLANG_WARN_BLOCK_CAPTURE_AUTORELEASING = YES;
				CLANG_WARN_BOOL_CONVERSION = YES;
				CLANG_WARN_COMMA = YES;
				CLANG_WARN_CONSTANT_CONVERSION = YES;
				CLANG_WARN_DEPRECATED_OBJC_IMPLEMENTATIONS = YES;
				CLANG_WARN_DIRECT_OBJC_ISA_USAGE = YES_ERROR;
				CLANG_WARN_DOCUMENTATION_COMMENTS = YES;
				CLANG_WARN_EMPTY_BODY = YES;
				CLANG_WARN_ENUM_CONVERSION = YES;
				CLANG_WARN_INFINITE_RECURSION = YES;
				CLANG_WARN_INT_CONVERSION = YES;
				CLANG_WARN_NON_LITERAL_NULL_CONVERSION = YES;
				CLANG_WARN_OBJC_IMPLICIT_RETAIN_SELF = YES;
				CLANG_WARN_OBJC_LITERAL_CONVERSION = YES;
				CLANG_WARN_OBJC_ROOT_CLASS = YES_ERROR;
				CLANG_WARN_QUOTED_INCLUDE_IN_FRAMEWORK_HEADER = YES;
				CLANG_WARN_RANGE_LOOP_ANALYSIS = YES;
				CLANG_WARN_STRICT_PROTOTYPES = YES;
				CLANG_WARN_SUSPICIOUS_MOVE = YES;
				CLANG_WARN_UNGUARDED_AVAILABILITY = YES_AGGRESSIVE;
				CLANG_WARN_UNREACHABLE_CODE = YES;
				CLANG_WARN__DUPLICATE_METHOD_MATCH = YES;
				COPY_PHASE_STRIP = NO;
				DEBUG_INFORMATION_FORMAT = dwarf;
				ENABLE_STRICT_OBJC_MSGSEND = YES;
				ENABLE_TESTABILITY = YES;
				ENABLE_USER_SCRIPT_SANDBOXING = YES;
				GCC_C_LANGUAGE_STANDARD = gnu17;
				GCC_DYNAMIC_NO_PIC = NO;
				GCC_NO_COMMON_BLOCKS = YES;
				GCC_OPTIMIZATION_LEVEL = 0;
				GCC_PREPROCESSOR_DEFINITIONS = (
					"DEBUG=1",
					"$(inherited)",
				);
				GCC_WARN_64_TO_32_BIT_CONVERSION = YES;
				GCC_WARN_ABOUT_RETURN_TYPE = YES_ERROR;
				GCC_WARN_UNDECLARED_SELECTOR = YES;
				GCC_WARN_UNINITIALIZED_AUTOS = YES_AGGRESSIVE;
				GCC_WARN_UNUSED_FUNCTION = YES;
				GCC_WARN_UNUSED_VARIABLE = YES;
				IPHONEOS_DEPLOYMENT_TARGET = 17.2;
				LOCALIZATION_PREFERS_STRING_CATALOGS = YES;
				MTL_ENABLE_DEBUG_INFO = INCLUDE_SOURCE;
				MTL_FAST_MATH = YES;
				ONLY_ACTIVE_ARCH = YES;
				SDKROOT = iphoneos;
				SWIFT_ACTIVE_COMPILATION_CONDITIONS = "DEBUG $(inherited)";
				SWIFT_OPTIMIZATION_LEVEL = "-Onone";
			};
			name = Debug;
		};
		87CBCD782B957E6900861797 /* Release */ = {
			isa = XCBuildConfiguration;
			buildSettings = {
				ALWAYS_SEARCH_USER_PATHS = NO;
				ASSETCATALOG_COMPILER_GENERATE_SWIFT_ASSET_SYMBOL_EXTENSIONS = YES;
				CLANG_ANALYZER_NONNULL = YES;
				CLANG_ANALYZER_NUMBER_OBJECT_CONVERSION = YES_AGGRESSIVE;
				CLANG_CXX_LANGUAGE_STANDARD = "gnu++20";
				CLANG_ENABLE_MODULES = YES;
				CLANG_ENABLE_OBJC_ARC = YES;
				CLANG_ENABLE_OBJC_WEAK = YES;
				CLANG_WARN_BLOCK_CAPTURE_AUTORELEASING = YES;
				CLANG_WARN_BOOL_CONVERSION = YES;
				CLANG_WARN_COMMA = YES;
				CLANG_WARN_CONSTANT_CONVERSION = YES;
				CLANG_WARN_DEPRECATED_OBJC_IMPLEMENTATIONS = YES;
				CLANG_WARN_DIRECT_OBJC_ISA_USAGE = YES_ERROR;
				CLANG_WARN_DOCUMENTATION_COMMENTS = YES;
				CLANG_WARN_EMPTY_BODY = YES;
				CLANG_WARN_ENUM_CONVERSION = YES;
				CLANG_WARN_INFINITE_RECURSION = YES;
				CLANG_WARN_INT_CONVERSION = YES;
				CLANG_WARN_NON_LITERAL_NULL_CONVERSION = YES;
				CLANG_WARN_OBJC_IMPLICIT_RETAIN_SELF = YES;
				CLANG_WARN_OBJC_LITERAL_CONVERSION = YES;
				CLANG_WARN_OBJC_ROOT_CLASS = YES_ERROR;
				CLANG_WARN_QUOTED_INCLUDE_IN_FRAMEWORK_HEADER = YES;
				CLANG_WARN_RANGE_LOOP_ANALYSIS = YES;
				CLANG_WARN_STRICT_PROTOTYPES = YES;
				CLANG_WARN_SUSPICIOUS_MOVE = YES;
				CLANG_WARN_UNGUARDED_AVAILABILITY = YES_AGGRESSIVE;
				CLANG_WARN_UNREACHABLE_CODE = YES;
				CLANG_WARN__DUPLICATE_METHOD_MATCH = YES;
				COPY_PHASE_STRIP = NO;
				DEBUG_INFORMATION_FORMAT = "dwarf-with-dsym";
				ENABLE_NS_ASSERTIONS = NO;
				ENABLE_STRICT_OBJC_MSGSEND = YES;
				ENABLE_USER_SCRIPT_SANDBOXING = YES;
				GCC_C_LANGUAGE_STANDARD = gnu17;
				GCC_NO_COMMON_BLOCKS = YES;
				GCC_WARN_64_TO_32_BIT_CONVERSION = YES;
				GCC_WARN_ABOUT_RETURN_TYPE = YES_ERROR;
				GCC_WARN_UNDECLARED_SELECTOR = YES;
				GCC_WARN_UNINITIALIZED_AUTOS = YES_AGGRESSIVE;
				GCC_WARN_UNUSED_FUNCTION = YES;
				GCC_WARN_UNUSED_VARIABLE = YES;
				IPHONEOS_DEPLOYMENT_TARGET = 17.2;
				LOCALIZATION_PREFERS_STRING_CATALOGS = YES;
				MTL_ENABLE_DEBUG_INFO = NO;
				MTL_FAST_MATH = YES;
				SDKROOT = iphoneos;
				SWIFT_COMPILATION_MODE = wholemodule;
				VALIDATE_PRODUCT = YES;
			};
			name = Release;
		};
		87CBCD7A2B957E6900861797 /* Debug */ = {
			isa = XCBuildConfiguration;
			buildSettings = {
				ASSETCATALOG_COMPILER_APPICON_NAME = AppIcon;
				ASSETCATALOG_COMPILER_GLOBAL_ACCENT_COLOR_NAME = AccentColor;
				CODE_SIGN_STYLE = Automatic;
				CURRENT_PROJECT_VERSION = 1;
				DEVELOPMENT_ASSET_PATHS = "\"Design correction/Preview Content\"";
				ENABLE_PREVIEWS = YES;
				GENERATE_INFOPLIST_FILE = YES;
				INFOPLIST_KEY_UIApplicationSceneManifest_Generation = YES;
				INFOPLIST_KEY_UIApplicationSupportsIndirectInputEvents = YES;
				INFOPLIST_KEY_UILaunchScreen_Generation = YES;
				INFOPLIST_KEY_UISupportedInterfaceOrientations_iPad = "UIInterfaceOrientationPortrait UIInterfaceOrientationPortraitUpsideDown UIInterfaceOrientationLandscapeLeft UIInterfaceOrientationLandscapeRight";
				INFOPLIST_KEY_UISupportedInterfaceOrientations_iPhone = "UIInterfaceOrientationPortrait UIInterfaceOrientationLandscapeLeft UIInterfaceOrientationLandscapeRight";
				IPHONEOS_DEPLOYMENT_TARGET = 17.2;
				LD_RUNPATH_SEARCH_PATHS = (
					"$(inherited)",
					"@executable_path/Frameworks",
				);
				MARKETING_VERSION = 1.0;
				PRODUCT_BUNDLE_IDENTIFIER = "n.ouchi.Design-correction";
				PRODUCT_NAME = "$(TARGET_NAME)";
				SWIFT_EMIT_LOC_STRINGS = YES;
				SWIFT_VERSION = 5.0;
				TARGETED_DEVICE_FAMILY = "1,2";
			};
			name = Debug;
		};
		87CBCD7B2B957E6900861797 /* Release */ = {
			isa = XCBuildConfiguration;
			buildSettings = {
				ASSETCATALOG_COMPILER_APPICON_NAME = AppIcon;
				ASSETCATALOG_COMPILER_GLOBAL_ACCENT_COLOR_NAME = AccentColor;
				CODE_SIGN_STYLE = Automatic;
				CURRENT_PROJECT_VERSION = 1;
				DEVELOPMENT_ASSET_PATHS = "\"Design correction/Preview Content\"";
				ENABLE_PREVIEWS = YES;
				GENERATE_INFOPLIST_FILE = YES;
				INFOPLIST_KEY_UIApplicationSceneManifest_Generation = YES;
				INFOPLIST_KEY_UIApplicationSupportsIndirectInputEvents = YES;
				INFOPLIST_KEY_UILaunchScreen_Generation = YES;
				INFOPLIST_KEY_UISupportedInterfaceOrientations_iPad = "UIInterfaceOrientationPortrait UIInterfaceOrientationPortraitUpsideDown UIInterfaceOrientationLandscapeLeft UIInterfaceOrientationLandscapeRight";
				INFOPLIST_KEY_UISupportedInterfaceOrientations_iPhone = "UIInterfaceOrientationPortrait UIInterfaceOrientationLandscapeLeft UIInterfaceOrientationLandscapeRight";
				IPHONEOS_DEPLOYMENT_TARGET = 17.2;
				LD_RUNPATH_SEARCH_PATHS = (
					"$(inherited)",
					"@executable_path/Frameworks",
				);
				MARKETING_VERSION = 1.0;
				PRODUCT_BUNDLE_IDENTIFIER = "n.ouchi.Design-correction";
				PRODUCT_NAME = "$(TARGET_NAME)";
				SWIFT_EMIT_LOC_STRINGS = YES;
				SWIFT_VERSION = 5.0;
				TARGETED_DEVICE_FAMILY = "1,2";
			};
			name = Release;
		};
		87CBCD7D2B957E6900861797 /* Debug */ = {
			isa = XCBuildConfiguration;
			buildSettings = {
				ALWAYS_EMBED_SWIFT_STANDARD_LIBRARIES = YES;
				BUNDLE_LOADER = "$(TEST_HOST)";
				CODE_SIGN_STYLE = Automatic;
				CURRENT_PROJECT_VERSION = 1;
				GENERATE_INFOPLIST_FILE = YES;
				IPHONEOS_DEPLOYMENT_TARGET = 17.2;
				MARKETING_VERSION = 1.0;
				PRODUCT_BUNDLE_IDENTIFIER = "n.ouchi.Design-correctionTests";
				PRODUCT_NAME = "$(TARGET_NAME)";
				SWIFT_EMIT_LOC_STRINGS = NO;
				SWIFT_VERSION = 5.0;
				TARGETED_DEVICE_FAMILY = "1,2";
				TEST_HOST = "$(BUILT_PRODUCTS_DIR)/Design correction.app/$(BUNDLE_EXECUTABLE_FOLDER_PATH)/Design correction";
			};
			name = Debug;
		};
		87CBCD7E2B957E6900861797 /* Release */ = {
			isa = XCBuildConfiguration;
			buildSettings = {
				ALWAYS_EMBED_SWIFT_STANDARD_LIBRARIES = YES;
				BUNDLE_LOADER = "$(TEST_HOST)";
				CODE_SIGN_STYLE = Automatic;
				CURRENT_PROJECT_VERSION = 1;
				GENERATE_INFOPLIST_FILE = YES;
				IPHONEOS_DEPLOYMENT_TARGET = 17.2;
				MARKETING_VERSION = 1.0;
				PRODUCT_BUNDLE_IDENTIFIER = "n.ouchi.Design-correctionTests";
				PRODUCT_NAME = "$(TARGET_NAME)";
				SWIFT_EMIT_LOC_STRINGS = NO;
				SWIFT_VERSION = 5.0;
				TARGETED_DEVICE_FAMILY = "1,2";
				TEST_HOST = "$(BUILT_PRODUCTS_DIR)/Design correction.app/$(BUNDLE_EXECUTABLE_FOLDER_PATH)/Design correction";
			};
			name = Release;
		};
		87CBCD802B957E6900861797 /* Debug */ = {
			isa = XCBuildConfiguration;
			buildSettings = {
				ALWAYS_EMBED_SWIFT_STANDARD_LIBRARIES = YES;
				CODE_SIGN_STYLE = Automatic;
				CURRENT_PROJECT_VERSION = 1;
				GENERATE_INFOPLIST_FILE = YES;
				MARKETING_VERSION = 1.0;
				PRODUCT_BUNDLE_IDENTIFIER = "n.ouchi.Design-correctionUITests";
				PRODUCT_NAME = "$(TARGET_NAME)";
				SWIFT_EMIT_LOC_STRINGS = NO;
				SWIFT_VERSION = 5.0;
				TARGETED_DEVICE_FAMILY = "1,2";
				TEST_TARGET_NAME = "Design correction";
			};
			name = Debug;
		};
		87CBCD812B957E6900861797 /* Release */ = {
			isa = XCBuildConfiguration;
			buildSettings = {
				ALWAYS_EMBED_SWIFT_STANDARD_LIBRARIES = YES;
				CODE_SIGN_STYLE = Automatic;
				CURRENT_PROJECT_VERSION = 1;
				GENERATE_INFOPLIST_FILE = YES;
				MARKETING_VERSION = 1.0;
				PRODUCT_BUNDLE_IDENTIFIER = "n.ouchi.Design-correctionUITests";
				PRODUCT_NAME = "$(TARGET_NAME)";
				SWIFT_EMIT_LOC_STRINGS = NO;
				SWIFT_VERSION = 5.0;
				TARGETED_DEVICE_FAMILY = "1,2";
				TEST_TARGET_NAME = "Design correction";
			};
			name = Release;
		};
/* End XCBuildConfiguration section */

/* Begin XCConfigurationList section */
		87CBCD4E2B957E6600861797 /* Build configuration list for PBXProject "Design correction" */ = {
			isa = XCConfigurationList;
			buildConfigurations = (
				87CBCD772B957E6900861797 /* Debug */,
				87CBCD782B957E6900861797 /* Release */,
			);
			defaultConfigurationIsVisible = 0;
			defaultConfigurationName = Release;
		};
		87CBCD792B957E6900861797 /* Build configuration list for PBXNativeTarget "Design correction" */ = {
			isa = XCConfigurationList;
			buildConfigurations = (
				87CBCD7A2B957E6900861797 /* Debug */,
				87CBCD7B2B957E6900861797 /* Release */,
			);
			defaultConfigurationIsVisible = 0;
			defaultConfigurationName = Release;
		};
		87CBCD7C2B957E6900861797 /* Build configuration list for PBXNativeTarget "Design correctionTests" */ = {
			isa = XCConfigurationList;
			buildConfigurations = (
				87CBCD7D2B957E6900861797 /* Debug */,
				87CBCD7E2B957E6900861797 /* Release */,
			);
			defaultConfigurationIsVisible = 0;
			defaultConfigurationName = Release;
		};
		87CBCD7F2B957E6900861797 /* Build configuration list for PBXNativeTarget "Design correctionUITests" */ = {
			isa = XCConfigurationList;
			buildConfigurations = (
				87CBCD802B957E6900861797 /* Debug */,
				87CBCD812B957E6900861797 /* Release */,
			);
			defaultConfigurationIsVisible = 0;
			defaultConfigurationName = Release;
		};
/* End XCConfigurationList section */
	};
	rootObject = 87CBCD4B2B957E6600861797 /* Project object */;
}
